// !$*UTF8*$!
{
	archiveVersion = 1;
	classes = {
	};
	objectVersion = 50;
	objects = {

/* Begin PBXBuildFile section */
		8B3D0B1025231B8400E3408C /* AppDelegate.swift in Sources */ = {isa = PBXBuildFile; fileRef = 8B3D0B0F25231B8400E3408C /* AppDelegate.swift */; };
		8B3D0B1225231B8400E3408C /* SceneDelegate.swift in Sources */ = {isa = PBXBuildFile; fileRef = 8B3D0B1125231B8400E3408C /* SceneDelegate.swift */; };
		8B3D0B1425231B8400E3408C /* ViewController.swift in Sources */ = {isa = PBXBuildFile; fileRef = 8B3D0B1325231B8400E3408C /* ViewController.swift */; };
		8B3D0B1725231B8400E3408C /* Main.storyboard in Resources */ = {isa = PBXBuildFile; fileRef = 8B3D0B1525231B8400E3408C /* Main.storyboard */; };
		8B3D0B1925231B8500E3408C /* Assets.xcassets in Resources */ = {isa = PBXBuildFile; fileRef = 8B3D0B1825231B8500E3408C /* Assets.xcassets */; };
		8B3D0B1C25231B8500E3408C /* LaunchScreen.storyboard in Resources */ = {isa = PBXBuildFile; fileRef = 8B3D0B1A25231B8500E3408C /* LaunchScreen.storyboard */; };
		8B3D0B28252463F700E3408C /* ErasTableViewCell.swift in Sources */ = {isa = PBXBuildFile; fileRef = 8B3D0B26252463F700E3408C /* ErasTableViewCell.swift */; };
		8B3D0B29252463F700E3408C /* ErasTableViewCell.xib in Resources */ = {isa = PBXBuildFile; fileRef = 8B3D0B27252463F700E3408C /* ErasTableViewCell.xib */; };
		8B3D0B2D2524689800E3408C /* ErasViewController.swift in Sources */ = {isa = PBXBuildFile; fileRef = 8B3D0B2C2524689800E3408C /* ErasViewController.swift */; };
		8B3D0B312524BC9400E3408C /* FighterCollectionViewController.swift in Sources */ = {isa = PBXBuildFile; fileRef = 8B3D0B302524BC9400E3408C /* FighterCollectionViewController.swift */; };
		8B3D0B442524C5C300E3408C /* FighterCollectionViewCell.swift in Sources */ = {isa = PBXBuildFile; fileRef = 8B3D0B422524C5C300E3408C /* FighterCollectionViewCell.swift */; };
		8B3D0B452524C5C300E3408C /* FighterCollectionViewCell.xib in Resources */ = {isa = PBXBuildFile; fileRef = 8B3D0B432524C5C300E3408C /* FighterCollectionViewCell.xib */; };
		8B3D0B4A2525B71C00E3408C /* FighterDetailViewController.swift in Sources */ = {isa = PBXBuildFile; fileRef = 8B3D0B492525B71C00E3408C /* FighterDetailViewController.swift */; };
		8B6D8E812535C6E700F60A8B /* Performance+CoreDataClass.swift in Sources */ = {isa = PBXBuildFile; fileRef = 8B6D8E6B2535C6E700F60A8B /* Performance+CoreDataClass.swift */; };
		8B6D8E822535C6E700F60A8B /* Performance+CoreDataProperties.swift in Sources */ = {isa = PBXBuildFile; fileRef = 8B6D8E6C2535C6E700F60A8B /* Performance+CoreDataProperties.swift */; };
		8B6D8E832535C6E700F60A8B /* InterestingFacts+CoreDataClass.swift in Sources */ = {isa = PBXBuildFile; fileRef = 8B6D8E6D2535C6E700F60A8B /* InterestingFacts+CoreDataClass.swift */; };
		8B6D8E842535C6E700F60A8B /* InterestingFacts+CoreDataProperties.swift in Sources */ = {isa = PBXBuildFile; fileRef = 8B6D8E6E2535C6E700F60A8B /* InterestingFacts+CoreDataProperties.swift */; };
		8B6D8E852535C6E700F60A8B /* UserPreferences+CoreDataClass.swift in Sources */ = {isa = PBXBuildFile; fileRef = 8B6D8E6F2535C6E700F60A8B /* UserPreferences+CoreDataClass.swift */; };
		8B6D8E862535C6E700F60A8B /* UserPreferences+CoreDataProperties.swift in Sources */ = {isa = PBXBuildFile; fileRef = 8B6D8E702535C6E700F60A8B /* UserPreferences+CoreDataProperties.swift */; };
		8B6D8E872535C6E700F60A8B /* Armament+CoreDataClass.swift in Sources */ = {isa = PBXBuildFile; fileRef = 8B6D8E712535C6E700F60A8B /* Armament+CoreDataClass.swift */; };
		8B6D8E882535C6E700F60A8B /* Armament+CoreDataProperties.swift in Sources */ = {isa = PBXBuildFile; fileRef = 8B6D8E722535C6E700F60A8B /* Armament+CoreDataProperties.swift */; };
		8B6D8E892535C6E700F60A8B /* FlightOperator+CoreDataClass.swift in Sources */ = {isa = PBXBuildFile; fileRef = 8B6D8E732535C6E700F60A8B /* FlightOperator+CoreDataClass.swift */; };
		8B6D8E8A2535C6E700F60A8B /* FlightOperator+CoreDataProperties.swift in Sources */ = {isa = PBXBuildFile; fileRef = 8B6D8E742535C6E700F60A8B /* FlightOperator+CoreDataProperties.swift */; };
		8B6D8E8B2535C6E700F60A8B /* Picture+CoreDataClass.swift in Sources */ = {isa = PBXBuildFile; fileRef = 8B6D8E752535C6E700F60A8B /* Picture+CoreDataClass.swift */; };
		8B6D8E8C2535C6E700F60A8B /* Picture+CoreDataProperties.swift in Sources */ = {isa = PBXBuildFile; fileRef = 8B6D8E762535C6E700F60A8B /* Picture+CoreDataProperties.swift */; };
		8B6D8E8D2535C6E700F60A8B /* Fighter+CoreDataClass.swift in Sources */ = {isa = PBXBuildFile; fileRef = 8B6D8E772535C6E700F60A8B /* Fighter+CoreDataClass.swift */; };
		8B6D8E8E2535C6E700F60A8B /* Fighter+CoreDataProperties.swift in Sources */ = {isa = PBXBuildFile; fileRef = 8B6D8E782535C6E700F60A8B /* Fighter+CoreDataProperties.swift */; };
		8B6D8E8F2535C6E700F60A8B /* PrimaryUser+CoreDataClass.swift in Sources */ = {isa = PBXBuildFile; fileRef = 8B6D8E792535C6E700F60A8B /* PrimaryUser+CoreDataClass.swift */; };
		8B6D8E902535C6E700F60A8B /* PrimaryUser+CoreDataProperties.swift in Sources */ = {isa = PBXBuildFile; fileRef = 8B6D8E7A2535C6E700F60A8B /* PrimaryUser+CoreDataProperties.swift */; };
		8B6D8E912535C6E700F60A8B /* GeneralCharacteristics+CoreDataClass.swift in Sources */ = {isa = PBXBuildFile; fileRef = 8B6D8E7B2535C6E700F60A8B /* GeneralCharacteristics+CoreDataClass.swift */; };
		8B6D8E922535C6E700F60A8B /* GeneralCharacteristics+CoreDataProperties.swift in Sources */ = {isa = PBXBuildFile; fileRef = 8B6D8E7C2535C6E700F60A8B /* GeneralCharacteristics+CoreDataProperties.swift */; };
		8B6D8E932535C6E700F60A8B /* GeneralInfo+CoreDataClass.swift in Sources */ = {isa = PBXBuildFile; fileRef = 8B6D8E7D2535C6E700F60A8B /* GeneralInfo+CoreDataClass.swift */; };
		8B6D8E942535C6E700F60A8B /* GeneralInfo+CoreDataProperties.swift in Sources */ = {isa = PBXBuildFile; fileRef = 8B6D8E7E2535C6E700F60A8B /* GeneralInfo+CoreDataProperties.swift */; };
		8B6D8E952535C6E700F60A8B /* CombatHistory+CoreDataClass.swift in Sources */ = {isa = PBXBuildFile; fileRef = 8B6D8E7F2535C6E700F60A8B /* CombatHistory+CoreDataClass.swift */; };
		8B6D8E962535C6E700F60A8B /* CombatHistory+CoreDataProperties.swift in Sources */ = {isa = PBXBuildFile; fileRef = 8B6D8E802535C6E700F60A8B /* CombatHistory+CoreDataProperties.swift */; };
		8B879C6825370615007EE385 /* SingleCellTableViewCell.swift in Sources */ = {isa = PBXBuildFile; fileRef = 8B879C6625370615007EE385 /* SingleCellTableViewCell.swift */; };
		8B879C6925370615007EE385 /* SingleCellTableViewCell.xib in Resources */ = {isa = PBXBuildFile; fileRef = 8B879C6725370615007EE385 /* SingleCellTableViewCell.xib */; };
		8B879C6D25370BDF007EE385 /* DoubleCellTableViewCell.swift in Sources */ = {isa = PBXBuildFile; fileRef = 8B879C6B25370BDF007EE385 /* DoubleCellTableViewCell.swift */; };
		8B879C6E25370BDF007EE385 /* DoubleCellTableViewCell.xib in Resources */ = {isa = PBXBuildFile; fileRef = 8B879C6C25370BDF007EE385 /* DoubleCellTableViewCell.xib */; };
		8B879C75253735FD007EE385 /* ImageCollectionSelectorVC.swift in Sources */ = {isa = PBXBuildFile; fileRef = 8B879C74253735FD007EE385 /* ImageCollectionSelectorVC.swift */; };
		8B879C7B253756D6007EE385 /* SingleSmallPicCollectionViewCell.swift in Sources */ = {isa = PBXBuildFile; fileRef = 8B879C79253756D6007EE385 /* SingleSmallPicCollectionViewCell.swift */; };
		8B879C7C253756D6007EE385 /* SingleSmallPicCollectionViewCell.xib in Resources */ = {isa = PBXBuildFile; fileRef = 8B879C7A253756D6007EE385 /* SingleSmallPicCollectionViewCell.xib */; };
		8B879C812539ADD2007EE385 /* DoubleCellTableView.swift in Sources */ = {isa = PBXBuildFile; fileRef = 8B879C802539ADD2007EE385 /* DoubleCellTableView.swift */; };
		8B879C852539ADE6007EE385 /* SingleCellTableView.swift in Sources */ = {isa = PBXBuildFile; fileRef = 8B879C842539ADE6007EE385 /* SingleCellTableView.swift */; };
		8B879C882539B327007EE385 /* UITableViewExtended.swift in Sources */ = {isa = PBXBuildFile; fileRef = 8B879C872539B327007EE385 /* UITableViewExtended.swift */; };
		8B879C8B2539B379007EE385 /* SingleSmallPicCollectionView.swift in Sources */ = {isa = PBXBuildFile; fileRef = 8B879C8A2539B379007EE385 /* SingleSmallPicCollectionView.swift */; };
		8B879C8F2539B3EA007EE385 /* UICollectionViewExtended.swift in Sources */ = {isa = PBXBuildFile; fileRef = 8B879C8E2539B3EA007EE385 /* UICollectionViewExtended.swift */; };
		8B936BE32534AE5800B7185C /* AddFighterViewController.swift in Sources */ = {isa = PBXBuildFile; fileRef = 8B936BE22534AE5800B7185C /* AddFighterViewController.swift */; };
		8BA405942527628900405482 /* GeneralInfoCollectionViewCell.swift in Sources */ = {isa = PBXBuildFile; fileRef = 8BA405922527628900405482 /* GeneralInfoCollectionViewCell.swift */; };
		8BA405952527628900405482 /* GeneralInfoCollectionViewCell.xib in Resources */ = {isa = PBXBuildFile; fileRef = 8BA405932527628900405482 /* GeneralInfoCollectionViewCell.xib */; };
		8BA40599252762C600405482 /* CharacteristicsCollectionViewCell.swift in Sources */ = {isa = PBXBuildFile; fileRef = 8BA40597252762C600405482 /* CharacteristicsCollectionViewCell.swift */; };
		8BA4059A252762C600405482 /* CharacteristicsCollectionViewCell.xib in Resources */ = {isa = PBXBuildFile; fileRef = 8BA40598252762C600405482 /* CharacteristicsCollectionViewCell.xib */; };
		8BA405A32527791C00405482 /* InformationViewController.swift in Sources */ = {isa = PBXBuildFile; fileRef = 8BA405A22527791C00405482 /* InformationViewController.swift */; };
		8BC0C45D252AF4B30075F7E1 /* Fighter.swift in Sources */ = {isa = PBXBuildFile; fileRef = 8BC0C45C252AF4B30075F7E1 /* Fighter.swift */; };
		8BC0C460252B06BE0075F7E1 /* FighterRepository.swift in Sources */ = {isa = PBXBuildFile; fileRef = 8BC0C45F252B06BE0075F7E1 /* FighterRepository.swift */; };
		8BC0C463252B2BF40075F7E1 /* EarsRangeModel.swift in Sources */ = {isa = PBXBuildFile; fileRef = 8BC0C462252B2BF40075F7E1 /* EarsRangeModel.swift */; };
		8BC0C46B252B5D2D0075F7E1 /* ImageSliderCollectionViewCell.swift in Sources */ = {isa = PBXBuildFile; fileRef = 8BC0C469252B5D2D0075F7E1 /* ImageSliderCollectionViewCell.swift */; };
		8BC0C46C252B5D2D0075F7E1 /* ImageSliderCollectionViewCell.xib in Resources */ = {isa = PBXBuildFile; fileRef = 8BC0C46A252B5D2D0075F7E1 /* ImageSliderCollectionViewCell.xib */; };
		8BC0C475252DAF620075F7E1 /* FighterPediaDataModel.xcdatamodeld in Sources */ = {isa = PBXBuildFile; fileRef = 8BC0C473252DAF620075F7E1 /* FighterPediaDataModel.xcdatamodeld */; };
		8BC0C47A252F14B30075F7E1 /* WallpaperViewController.swift in Sources */ = {isa = PBXBuildFile; fileRef = 8BC0C479252F14B30075F7E1 /* WallpaperViewController.swift */; };
		8BC0C481252F159F0075F7E1 /* WallpaperCollectionViewCell.swift in Sources */ = {isa = PBXBuildFile; fileRef = 8BC0C480252F159F0075F7E1 /* WallpaperCollectionViewCell.swift */; };
		8BC0C484252F25DF0075F7E1 /* WallpaperRepository.swift in Sources */ = {isa = PBXBuildFile; fileRef = 8BC0C483252F25DF0075F7E1 /* WallpaperRepository.swift */; };
		8BC0C487252F26CF0075F7E1 /* ImageDataContainer.swift in Sources */ = {isa = PBXBuildFile; fileRef = 8BC0C486252F26CF0075F7E1 /* ImageDataContainer.swift */; };
		8BC0C48A252F2EE20075F7E1 /* SingleWallpaperViewController.swift in Sources */ = {isa = PBXBuildFile; fileRef = 8BC0C489252F2EE20075F7E1 /* SingleWallpaperViewController.swift */; };
		8BF7808425309993000236EB /* Utility.swift in Sources */ = {isa = PBXBuildFile; fileRef = 8BF7808325309993000236EB /* Utility.swift */; };
		F1553759DC1FCDD1470DEEE6 /* Pods_Fighter_Pedia.framework in Frameworks */ = {isa = PBXBuildFile; fileRef = CC9EBF3B8F10F2051791BEDE /* Pods_Fighter_Pedia.framework */; };
/* End PBXBuildFile section */

/* Begin PBXFileReference section */
		020209262707B438B7DD7749 /* Pods-Fighter Pedia.release.xcconfig */ = {isa = PBXFileReference; includeInIndex = 1; lastKnownFileType = text.xcconfig; name = "Pods-Fighter Pedia.release.xcconfig"; path = "Target Support Files/Pods-Fighter Pedia/Pods-Fighter Pedia.release.xcconfig"; sourceTree = "<group>"; };
		346809EC3C7569DA23276021 /* Pods-Fighter Pedia.debug.xcconfig */ = {isa = PBXFileReference; includeInIndex = 1; lastKnownFileType = text.xcconfig; name = "Pods-Fighter Pedia.debug.xcconfig"; path = "Target Support Files/Pods-Fighter Pedia/Pods-Fighter Pedia.debug.xcconfig"; sourceTree = "<group>"; };
		8B3D0B0C25231B8400E3408C /* Fighter Pedia.app */ = {isa = PBXFileReference; explicitFileType = wrapper.application; includeInIndex = 0; path = "Fighter Pedia.app"; sourceTree = BUILT_PRODUCTS_DIR; };
		8B3D0B0F25231B8400E3408C /* AppDelegate.swift */ = {isa = PBXFileReference; lastKnownFileType = sourcecode.swift; path = AppDelegate.swift; sourceTree = "<group>"; };
		8B3D0B1125231B8400E3408C /* SceneDelegate.swift */ = {isa = PBXFileReference; lastKnownFileType = sourcecode.swift; path = SceneDelegate.swift; sourceTree = "<group>"; };
		8B3D0B1325231B8400E3408C /* ViewController.swift */ = {isa = PBXFileReference; lastKnownFileType = sourcecode.swift; path = ViewController.swift; sourceTree = "<group>"; };
		8B3D0B1625231B8400E3408C /* Base */ = {isa = PBXFileReference; lastKnownFileType = file.storyboard; name = Base; path = Base.lproj/Main.storyboard; sourceTree = "<group>"; };
		8B3D0B1825231B8500E3408C /* Assets.xcassets */ = {isa = PBXFileReference; lastKnownFileType = folder.assetcatalog; path = Assets.xcassets; sourceTree = "<group>"; };
		8B3D0B1B25231B8500E3408C /* Base */ = {isa = PBXFileReference; lastKnownFileType = file.storyboard; name = Base; path = Base.lproj/LaunchScreen.storyboard; sourceTree = "<group>"; };
		8B3D0B1D25231B8500E3408C /* Info.plist */ = {isa = PBXFileReference; lastKnownFileType = text.plist.xml; path = Info.plist; sourceTree = "<group>"; };
		8B3D0B26252463F700E3408C /* ErasTableViewCell.swift */ = {isa = PBXFileReference; lastKnownFileType = sourcecode.swift; path = ErasTableViewCell.swift; sourceTree = "<group>"; };
		8B3D0B27252463F700E3408C /* ErasTableViewCell.xib */ = {isa = PBXFileReference; lastKnownFileType = file.xib; path = ErasTableViewCell.xib; sourceTree = "<group>"; };
		8B3D0B2C2524689800E3408C /* ErasViewController.swift */ = {isa = PBXFileReference; lastKnownFileType = sourcecode.swift; path = ErasViewController.swift; sourceTree = "<group>"; };
		8B3D0B302524BC9400E3408C /* FighterCollectionViewController.swift */ = {isa = PBXFileReference; lastKnownFileType = sourcecode.swift; path = FighterCollectionViewController.swift; sourceTree = "<group>"; };
		8B3D0B422524C5C300E3408C /* FighterCollectionViewCell.swift */ = {isa = PBXFileReference; lastKnownFileType = sourcecode.swift; path = FighterCollectionViewCell.swift; sourceTree = "<group>"; };
		8B3D0B432524C5C300E3408C /* FighterCollectionViewCell.xib */ = {isa = PBXFileReference; lastKnownFileType = file.xib; path = FighterCollectionViewCell.xib; sourceTree = "<group>"; };
		8B3D0B492525B71C00E3408C /* FighterDetailViewController.swift */ = {isa = PBXFileReference; lastKnownFileType = sourcecode.swift; path = FighterDetailViewController.swift; sourceTree = "<group>"; };
		8B6D8E692535C69E00F60A8B /* FighterPediaDataModel 2.xcdatamodel */ = {isa = PBXFileReference; lastKnownFileType = wrapper.xcdatamodel; path = "FighterPediaDataModel 2.xcdatamodel"; sourceTree = "<group>"; };
		8B6D8E6B2535C6E700F60A8B /* Performance+CoreDataClass.swift */ = {isa = PBXFileReference; lastKnownFileType = sourcecode.swift; path = "Performance+CoreDataClass.swift"; sourceTree = "<group>"; };
		8B6D8E6C2535C6E700F60A8B /* Performance+CoreDataProperties.swift */ = {isa = PBXFileReference; lastKnownFileType = sourcecode.swift; path = "Performance+CoreDataProperties.swift"; sourceTree = "<group>"; };
		8B6D8E6D2535C6E700F60A8B /* InterestingFacts+CoreDataClass.swift */ = {isa = PBXFileReference; lastKnownFileType = sourcecode.swift; path = "InterestingFacts+CoreDataClass.swift"; sourceTree = "<group>"; };
		8B6D8E6E2535C6E700F60A8B /* InterestingFacts+CoreDataProperties.swift */ = {isa = PBXFileReference; lastKnownFileType = sourcecode.swift; path = "InterestingFacts+CoreDataProperties.swift"; sourceTree = "<group>"; };
		8B6D8E6F2535C6E700F60A8B /* UserPreferences+CoreDataClass.swift */ = {isa = PBXFileReference; lastKnownFileType = sourcecode.swift; path = "UserPreferences+CoreDataClass.swift"; sourceTree = "<group>"; };
		8B6D8E702535C6E700F60A8B /* UserPreferences+CoreDataProperties.swift */ = {isa = PBXFileReference; lastKnownFileType = sourcecode.swift; path = "UserPreferences+CoreDataProperties.swift"; sourceTree = "<group>"; };
		8B6D8E712535C6E700F60A8B /* Armament+CoreDataClass.swift */ = {isa = PBXFileReference; lastKnownFileType = sourcecode.swift; path = "Armament+CoreDataClass.swift"; sourceTree = "<group>"; };
		8B6D8E722535C6E700F60A8B /* Armament+CoreDataProperties.swift */ = {isa = PBXFileReference; lastKnownFileType = sourcecode.swift; path = "Armament+CoreDataProperties.swift"; sourceTree = "<group>"; };
		8B6D8E732535C6E700F60A8B /* FlightOperator+CoreDataClass.swift */ = {isa = PBXFileReference; lastKnownFileType = sourcecode.swift; path = "FlightOperator+CoreDataClass.swift"; sourceTree = "<group>"; };
		8B6D8E742535C6E700F60A8B /* FlightOperator+CoreDataProperties.swift */ = {isa = PBXFileReference; lastKnownFileType = sourcecode.swift; path = "FlightOperator+CoreDataProperties.swift"; sourceTree = "<group>"; };
		8B6D8E752535C6E700F60A8B /* Picture+CoreDataClass.swift */ = {isa = PBXFileReference; lastKnownFileType = sourcecode.swift; path = "Picture+CoreDataClass.swift"; sourceTree = "<group>"; };
		8B6D8E762535C6E700F60A8B /* Picture+CoreDataProperties.swift */ = {isa = PBXFileReference; lastKnownFileType = sourcecode.swift; path = "Picture+CoreDataProperties.swift"; sourceTree = "<group>"; };
		8B6D8E772535C6E700F60A8B /* Fighter+CoreDataClass.swift */ = {isa = PBXFileReference; lastKnownFileType = sourcecode.swift; path = "Fighter+CoreDataClass.swift"; sourceTree = "<group>"; };
		8B6D8E782535C6E700F60A8B /* Fighter+CoreDataProperties.swift */ = {isa = PBXFileReference; lastKnownFileType = sourcecode.swift; path = "Fighter+CoreDataProperties.swift"; sourceTree = "<group>"; };
		8B6D8E792535C6E700F60A8B /* PrimaryUser+CoreDataClass.swift */ = {isa = PBXFileReference; lastKnownFileType = sourcecode.swift; path = "PrimaryUser+CoreDataClass.swift"; sourceTree = "<group>"; };
		8B6D8E7A2535C6E700F60A8B /* PrimaryUser+CoreDataProperties.swift */ = {isa = PBXFileReference; lastKnownFileType = sourcecode.swift; path = "PrimaryUser+CoreDataProperties.swift"; sourceTree = "<group>"; };
		8B6D8E7B2535C6E700F60A8B /* GeneralCharacteristics+CoreDataClass.swift */ = {isa = PBXFileReference; lastKnownFileType = sourcecode.swift; path = "GeneralCharacteristics+CoreDataClass.swift"; sourceTree = "<group>"; };
		8B6D8E7C2535C6E700F60A8B /* GeneralCharacteristics+CoreDataProperties.swift */ = {isa = PBXFileReference; lastKnownFileType = sourcecode.swift; path = "GeneralCharacteristics+CoreDataProperties.swift"; sourceTree = "<group>"; };
		8B6D8E7D2535C6E700F60A8B /* GeneralInfo+CoreDataClass.swift */ = {isa = PBXFileReference; lastKnownFileType = sourcecode.swift; path = "GeneralInfo+CoreDataClass.swift"; sourceTree = "<group>"; };
		8B6D8E7E2535C6E700F60A8B /* GeneralInfo+CoreDataProperties.swift */ = {isa = PBXFileReference; lastKnownFileType = sourcecode.swift; path = "GeneralInfo+CoreDataProperties.swift"; sourceTree = "<group>"; };
		8B6D8E7F2535C6E700F60A8B /* CombatHistory+CoreDataClass.swift */ = {isa = PBXFileReference; lastKnownFileType = sourcecode.swift; path = "CombatHistory+CoreDataClass.swift"; sourceTree = "<group>"; };
		8B6D8E802535C6E700F60A8B /* CombatHistory+CoreDataProperties.swift */ = {isa = PBXFileReference; lastKnownFileType = sourcecode.swift; path = "CombatHistory+CoreDataProperties.swift"; sourceTree = "<group>"; };
		8B879C6625370615007EE385 /* SingleCellTableViewCell.swift */ = {isa = PBXFileReference; lastKnownFileType = sourcecode.swift; path = SingleCellTableViewCell.swift; sourceTree = "<group>"; };
		8B879C6725370615007EE385 /* SingleCellTableViewCell.xib */ = {isa = PBXFileReference; lastKnownFileType = file.xib; path = SingleCellTableViewCell.xib; sourceTree = "<group>"; };
		8B879C6B25370BDF007EE385 /* DoubleCellTableViewCell.swift */ = {isa = PBXFileReference; lastKnownFileType = sourcecode.swift; path = DoubleCellTableViewCell.swift; sourceTree = "<group>"; };
		8B879C6C25370BDF007EE385 /* DoubleCellTableViewCell.xib */ = {isa = PBXFileReference; lastKnownFileType = file.xib; path = DoubleCellTableViewCell.xib; sourceTree = "<group>"; };
		8B879C74253735FD007EE385 /* ImageCollectionSelectorVC.swift */ = {isa = PBXFileReference; lastKnownFileType = sourcecode.swift; path = ImageCollectionSelectorVC.swift; sourceTree = "<group>"; };
		8B879C79253756D6007EE385 /* SingleSmallPicCollectionViewCell.swift */ = {isa = PBXFileReference; lastKnownFileType = sourcecode.swift; path = SingleSmallPicCollectionViewCell.swift; sourceTree = "<group>"; };
		8B879C7A253756D6007EE385 /* SingleSmallPicCollectionViewCell.xib */ = {isa = PBXFileReference; lastKnownFileType = file.xib; path = SingleSmallPicCollectionViewCell.xib; sourceTree = "<group>"; };
		8B879C802539ADD2007EE385 /* DoubleCellTableView.swift */ = {isa = PBXFileReference; lastKnownFileType = sourcecode.swift; path = DoubleCellTableView.swift; sourceTree = "<group>"; };
		8B879C842539ADE6007EE385 /* SingleCellTableView.swift */ = {isa = PBXFileReference; lastKnownFileType = sourcecode.swift; path = SingleCellTableView.swift; sourceTree = "<group>"; };
		8B879C872539B327007EE385 /* UITableViewExtended.swift */ = {isa = PBXFileReference; lastKnownFileType = sourcecode.swift; path = UITableViewExtended.swift; sourceTree = "<group>"; };
		8B879C8A2539B379007EE385 /* SingleSmallPicCollectionView.swift */ = {isa = PBXFileReference; lastKnownFileType = sourcecode.swift; path = SingleSmallPicCollectionView.swift; sourceTree = "<group>"; };
		8B879C8E2539B3EA007EE385 /* UICollectionViewExtended.swift */ = {isa = PBXFileReference; lastKnownFileType = sourcecode.swift; path = UICollectionViewExtended.swift; sourceTree = "<group>"; };
		8B936BE22534AE5800B7185C /* AddFighterViewController.swift */ = {isa = PBXFileReference; lastKnownFileType = sourcecode.swift; path = AddFighterViewController.swift; sourceTree = "<group>"; };
		8BA405922527628900405482 /* GeneralInfoCollectionViewCell.swift */ = {isa = PBXFileReference; lastKnownFileType = sourcecode.swift; path = GeneralInfoCollectionViewCell.swift; sourceTree = "<group>"; };
		8BA405932527628900405482 /* GeneralInfoCollectionViewCell.xib */ = {isa = PBXFileReference; lastKnownFileType = file.xib; path = GeneralInfoCollectionViewCell.xib; sourceTree = "<group>"; };
		8BA40597252762C600405482 /* CharacteristicsCollectionViewCell.swift */ = {isa = PBXFileReference; lastKnownFileType = sourcecode.swift; path = CharacteristicsCollectionViewCell.swift; sourceTree = "<group>"; };
		8BA40598252762C600405482 /* CharacteristicsCollectionViewCell.xib */ = {isa = PBXFileReference; lastKnownFileType = file.xib; path = CharacteristicsCollectionViewCell.xib; sourceTree = "<group>"; };
		8BA405A22527791C00405482 /* InformationViewController.swift */ = {isa = PBXFileReference; lastKnownFileType = sourcecode.swift; path = InformationViewController.swift; sourceTree = "<group>"; };
		8BC0C45C252AF4B30075F7E1 /* Fighter.swift */ = {isa = PBXFileReference; lastKnownFileType = sourcecode.swift; path = Fighter.swift; sourceTree = "<group>"; };
		8BC0C45F252B06BE0075F7E1 /* FighterRepository.swift */ = {isa = PBXFileReference; lastKnownFileType = sourcecode.swift; path = FighterRepository.swift; sourceTree = "<group>"; };
		8BC0C462252B2BF40075F7E1 /* EarsRangeModel.swift */ = {isa = PBXFileReference; lastKnownFileType = sourcecode.swift; path = EarsRangeModel.swift; sourceTree = "<group>"; };
		8BC0C469252B5D2D0075F7E1 /* ImageSliderCollectionViewCell.swift */ = {isa = PBXFileReference; lastKnownFileType = sourcecode.swift; path = ImageSliderCollectionViewCell.swift; sourceTree = "<group>"; };
		8BC0C46A252B5D2D0075F7E1 /* ImageSliderCollectionViewCell.xib */ = {isa = PBXFileReference; lastKnownFileType = file.xib; path = ImageSliderCollectionViewCell.xib; sourceTree = "<group>"; };
		8BC0C474252DAF620075F7E1 /* FighterPediaDataModel.xcdatamodel */ = {isa = PBXFileReference; lastKnownFileType = wrapper.xcdatamodel; path = FighterPediaDataModel.xcdatamodel; sourceTree = "<group>"; };
		8BC0C479252F14B30075F7E1 /* WallpaperViewController.swift */ = {isa = PBXFileReference; lastKnownFileType = sourcecode.swift; path = WallpaperViewController.swift; sourceTree = "<group>"; };
		8BC0C480252F159F0075F7E1 /* WallpaperCollectionViewCell.swift */ = {isa = PBXFileReference; lastKnownFileType = sourcecode.swift; path = WallpaperCollectionViewCell.swift; sourceTree = "<group>"; };
		8BC0C483252F25DF0075F7E1 /* WallpaperRepository.swift */ = {isa = PBXFileReference; lastKnownFileType = sourcecode.swift; path = WallpaperRepository.swift; sourceTree = "<group>"; };
		8BC0C486252F26CF0075F7E1 /* ImageDataContainer.swift */ = {isa = PBXFileReference; lastKnownFileType = sourcecode.swift; path = ImageDataContainer.swift; sourceTree = "<group>"; };
		8BC0C489252F2EE20075F7E1 /* SingleWallpaperViewController.swift */ = {isa = PBXFileReference; lastKnownFileType = sourcecode.swift; path = SingleWallpaperViewController.swift; sourceTree = "<group>"; };
		8BF7808325309993000236EB /* Utility.swift */ = {isa = PBXFileReference; lastKnownFileType = sourcecode.swift; path = Utility.swift; sourceTree = "<group>"; };
		CC9EBF3B8F10F2051791BEDE /* Pods_Fighter_Pedia.framework */ = {isa = PBXFileReference; explicitFileType = wrapper.framework; includeInIndex = 0; path = Pods_Fighter_Pedia.framework; sourceTree = BUILT_PRODUCTS_DIR; };
/* End PBXFileReference section */

/* Begin PBXFrameworksBuildPhase section */
		8B3D0B0925231B8400E3408C /* Frameworks */ = {
			isa = PBXFrameworksBuildPhase;
			buildActionMask = 2147483647;
			files = (
				F1553759DC1FCDD1470DEEE6 /* Pods_Fighter_Pedia.framework in Frameworks */,
			);
			runOnlyForDeploymentPostprocessing = 0;
		};
/* End PBXFrameworksBuildPhase section */

/* Begin PBXGroup section */
		3BEDDD5CE3F01A1FE022CD70 /* Frameworks */ = {
			isa = PBXGroup;
			children = (
				CC9EBF3B8F10F2051791BEDE /* Pods_Fighter_Pedia.framework */,
			);
			name = Frameworks;
			sourceTree = "<group>";
		};
		8B3D0B0325231B8400E3408C = {
			isa = PBXGroup;
			children = (
				8B3D0B0E25231B8400E3408C /* Fighter Pedia */,
				8B3D0B0D25231B8400E3408C /* Products */,
				C35E7CA10F94D3A332C34169 /* Pods */,
				3BEDDD5CE3F01A1FE022CD70 /* Frameworks */,
			);
			sourceTree = "<group>";
		};
		8B3D0B0D25231B8400E3408C /* Products */ = {
			isa = PBXGroup;
			children = (
				8B3D0B0C25231B8400E3408C /* Fighter Pedia.app */,
			);
			name = Products;
			sourceTree = "<group>";
		};
		8B3D0B0E25231B8400E3408C /* Fighter Pedia */ = {
			isa = PBXGroup;
			children = (
				8BF7808225309980000236EB /* Utility */,
				8BF780BF25347F18000236EB /* AddFighter */,
				8BC0C477252F12F00075F7E1 /* Wallpaper */,
				8BA4058F2527434100405482 /* Information */,
				8B3D0B472525B66E00E3408C /* FighterDetail */,
				8B3D0B2F2524BC7100E3408C /* FighterCollection */,
				8B3D0B2525245DAB00E3408C /* Eras */,
				8B3D0B0F25231B8400E3408C /* AppDelegate.swift */,
				8B3D0B1125231B8400E3408C /* SceneDelegate.swift */,
				8B3D0B1325231B8400E3408C /* ViewController.swift */,
				8B3D0B1525231B8400E3408C /* Main.storyboard */,
				8B3D0B1825231B8500E3408C /* Assets.xcassets */,
				8B3D0B1A25231B8500E3408C /* LaunchScreen.storyboard */,
				8B3D0B1D25231B8500E3408C /* Info.plist */,
				8BC0C473252DAF620075F7E1 /* FighterPediaDataModel.xcdatamodeld */,
			);
			path = "Fighter Pedia";
			sourceTree = "<group>";
		};
		8B3D0B2525245DAB00E3408C /* Eras */ = {
			isa = PBXGroup;
			children = (
				8B3D0B26252463F700E3408C /* ErasTableViewCell.swift */,
				8B3D0B27252463F700E3408C /* ErasTableViewCell.xib */,
				8B3D0B2C2524689800E3408C /* ErasViewController.swift */,
			);
			path = Eras;
			sourceTree = "<group>";
		};
		8B3D0B2F2524BC7100E3408C /* FighterCollection */ = {
			isa = PBXGroup;
			children = (
				8B3D0B302524BC9400E3408C /* FighterCollectionViewController.swift */,
				8B3D0B422524C5C300E3408C /* FighterCollectionViewCell.swift */,
				8B3D0B432524C5C300E3408C /* FighterCollectionViewCell.xib */,
			);
			path = FighterCollection;
			sourceTree = "<group>";
		};
		8B3D0B472525B66E00E3408C /* FighterDetail */ = {
			isa = PBXGroup;
			children = (
				8B3D0B492525B71C00E3408C /* FighterDetailViewController.swift */,
				8BC0C469252B5D2D0075F7E1 /* ImageSliderCollectionViewCell.swift */,
				8BC0C46A252B5D2D0075F7E1 /* ImageSliderCollectionViewCell.xib */,
			);
			path = FighterDetail;
			sourceTree = "<group>";
		};
		8B879C5F2536CE4D007EE385 /* TableViewCellDesigns */ = {
			isa = PBXGroup;
			children = (
				8B879C872539B327007EE385 /* UITableViewExtended.swift */,
				8B879C7E2539AD84007EE385 /* SingleCellTableImplementation */,
				8B879C7F2539ADA0007EE385 /* TwoCellTableImplementation */,
			);
			path = TableViewCellDesigns;
			sourceTree = "<group>";
		};
		8B879C702537316F007EE385 /* CollectionViewCellDesigns */ = {
			isa = PBXGroup;
			children = (
				8B879C8E2539B3EA007EE385 /* UICollectionViewExtended.swift */,
				8B879C8D2539B3A9007EE385 /* SingleSmallPicImplementation */,
			);
			path = CollectionViewCellDesigns;
			sourceTree = "<group>";
		};
		8B879C7E2539AD84007EE385 /* SingleCellTableImplementation */ = {
			isa = PBXGroup;
			children = (
				8B879C6625370615007EE385 /* SingleCellTableViewCell.swift */,
				8B879C6725370615007EE385 /* SingleCellTableViewCell.xib */,
				8B879C842539ADE6007EE385 /* SingleCellTableView.swift */,
			);
			path = SingleCellTableImplementation;
			sourceTree = "<group>";
		};
		8B879C7F2539ADA0007EE385 /* TwoCellTableImplementation */ = {
			isa = PBXGroup;
			children = (
				8B879C6B25370BDF007EE385 /* DoubleCellTableViewCell.swift */,
				8B879C6C25370BDF007EE385 /* DoubleCellTableViewCell.xib */,
				8B879C802539ADD2007EE385 /* DoubleCellTableView.swift */,
			);
			path = TwoCellTableImplementation;
			sourceTree = "<group>";
		};
		8B879C8D2539B3A9007EE385 /* SingleSmallPicImplementation */ = {
			isa = PBXGroup;
			children = (
				8B879C79253756D6007EE385 /* SingleSmallPicCollectionViewCell.swift */,
				8B879C7A253756D6007EE385 /* SingleSmallPicCollectionViewCell.xib */,
				8B879C8A2539B379007EE385 /* SingleSmallPicCollectionView.swift */,
			);
			path = SingleSmallPicImplementation;
			sourceTree = "<group>";
		};
		8BA4058F2527434100405482 /* Information */ = {
			isa = PBXGroup;
			children = (
				8BA405922527628900405482 /* GeneralInfoCollectionViewCell.swift */,
				8BA405932527628900405482 /* GeneralInfoCollectionViewCell.xib */,
				8BA40597252762C600405482 /* CharacteristicsCollectionViewCell.swift */,
				8BA40598252762C600405482 /* CharacteristicsCollectionViewCell.xib */,
				8BA405A22527791C00405482 /* InformationViewController.swift */,
			);
			path = Information;
			sourceTree = "<group>";
		};
		8BC0C45A252AF41A0075F7E1 /* Repository */ = {
			isa = PBXGroup;
			children = (
				8BC0C45F252B06BE0075F7E1 /* FighterRepository.swift */,
				8BC0C483252F25DF0075F7E1 /* WallpaperRepository.swift */,
			);
			path = Repository;
			sourceTree = "<group>";
		};
		8BC0C45B252AF4530075F7E1 /* Model */ = {
			isa = PBXGroup;
			children = (
				8BC0C45C252AF4B30075F7E1 /* Fighter.swift */,
				8BC0C462252B2BF40075F7E1 /* EarsRangeModel.swift */,
				8BC0C486252F26CF0075F7E1 /* ImageDataContainer.swift */,
			);
			path = Model;
			sourceTree = "<group>";
		};
		8BC0C477252F12F00075F7E1 /* Wallpaper */ = {
			isa = PBXGroup;
			children = (
				8BC0C479252F14B30075F7E1 /* WallpaperViewController.swift */,
				8BC0C480252F159F0075F7E1 /* WallpaperCollectionViewCell.swift */,
				8BC0C489252F2EE20075F7E1 /* SingleWallpaperViewController.swift */,
			);
			path = Wallpaper;
			sourceTree = "<group>";
		};
		8BF7808125308003000236EB /* CoreDataFiles */ = {
			isa = PBXGroup;
			children = (
				8B6D8E6B2535C6E700F60A8B /* Performance+CoreDataClass.swift */,
				8B6D8E6C2535C6E700F60A8B /* Performance+CoreDataProperties.swift */,
				8B6D8E6D2535C6E700F60A8B /* InterestingFacts+CoreDataClass.swift */,
				8B6D8E6E2535C6E700F60A8B /* InterestingFacts+CoreDataProperties.swift */,
				8B6D8E6F2535C6E700F60A8B /* UserPreferences+CoreDataClass.swift */,
				8B6D8E702535C6E700F60A8B /* UserPreferences+CoreDataProperties.swift */,
				8B6D8E712535C6E700F60A8B /* Armament+CoreDataClass.swift */,
				8B6D8E722535C6E700F60A8B /* Armament+CoreDataProperties.swift */,
				8B6D8E732535C6E700F60A8B /* FlightOperator+CoreDataClass.swift */,
				8B6D8E742535C6E700F60A8B /* FlightOperator+CoreDataProperties.swift */,
				8B6D8E752535C6E700F60A8B /* Picture+CoreDataClass.swift */,
				8B6D8E762535C6E700F60A8B /* Picture+CoreDataProperties.swift */,
				8B6D8E772535C6E700F60A8B /* Fighter+CoreDataClass.swift */,
				8B6D8E782535C6E700F60A8B /* Fighter+CoreDataProperties.swift */,
				8B6D8E792535C6E700F60A8B /* PrimaryUser+CoreDataClass.swift */,
				8B6D8E7A2535C6E700F60A8B /* PrimaryUser+CoreDataProperties.swift */,
				8B6D8E7B2535C6E700F60A8B /* GeneralCharacteristics+CoreDataClass.swift */,
				8B6D8E7C2535C6E700F60A8B /* GeneralCharacteristics+CoreDataProperties.swift */,
				8B6D8E7D2535C6E700F60A8B /* GeneralInfo+CoreDataClass.swift */,
				8B6D8E7E2535C6E700F60A8B /* GeneralInfo+CoreDataProperties.swift */,
				8B6D8E7F2535C6E700F60A8B /* CombatHistory+CoreDataClass.swift */,
				8B6D8E802535C6E700F60A8B /* CombatHistory+CoreDataProperties.swift */,
			);
			path = CoreDataFiles;
			sourceTree = "<group>";
		};
		8BF7808225309980000236EB /* Utility */ = {
			isa = PBXGroup;
			children = (
				8BC0C45A252AF41A0075F7E1 /* Repository */,
				8BF7808125308003000236EB /* CoreDataFiles */,
				8BC0C45B252AF4530075F7E1 /* Model */,
				8B879C702537316F007EE385 /* CollectionViewCellDesigns */,
				8B879C5F2536CE4D007EE385 /* TableViewCellDesigns */,
				8BF7808325309993000236EB /* Utility.swift */,
				8B879C74253735FD007EE385 /* ImageCollectionSelectorVC.swift */,
			);
			path = Utility;
			sourceTree = "<group>";
		};
		8BF780BF25347F18000236EB /* AddFighter */ = {
			isa = PBXGroup;
			children = (
				8B936BE22534AE5800B7185C /* AddFighterViewController.swift */,
			);
			path = AddFighter;
			sourceTree = "<group>";
		};
		C35E7CA10F94D3A332C34169 /* Pods */ = {
			isa = PBXGroup;
			children = (
				346809EC3C7569DA23276021 /* Pods-Fighter Pedia.debug.xcconfig */,
				020209262707B438B7DD7749 /* Pods-Fighter Pedia.release.xcconfig */,
			);
			name = Pods;
			path = Pods;
			sourceTree = "<group>";
		};
/* End PBXGroup section */

/* Begin PBXNativeTarget section */
		8B3D0B0B25231B8400E3408C /* Fighter Pedia */ = {
			isa = PBXNativeTarget;
			buildConfigurationList = 8B3D0B2025231B8500E3408C /* Build configuration list for PBXNativeTarget "Fighter Pedia" */;
			buildPhases = (
				B032C9118B292355674EBCCD /* [CP] Check Pods Manifest.lock */,
				8B3D0B0825231B8400E3408C /* Sources */,
				8B3D0B0925231B8400E3408C /* Frameworks */,
				8B3D0B0A25231B8400E3408C /* Resources */,
				11593F8EA078A8B444383692 /* [CP] Embed Pods Frameworks */,
			);
			buildRules = (
			);
			dependencies = (
			);
			name = "Fighter Pedia";
			productName = "Fighter Pedia";
			productReference = 8B3D0B0C25231B8400E3408C /* Fighter Pedia.app */;
			productType = "com.apple.product-type.application";
		};
/* End PBXNativeTarget section */

/* Begin PBXProject section */
		8B3D0B0425231B8400E3408C /* Project object */ = {
			isa = PBXProject;
			attributes = {
				LastSwiftUpdateCheck = 1200;
				LastUpgradeCheck = 1200;
				TargetAttributes = {
					8B3D0B0B25231B8400E3408C = {
						CreatedOnToolsVersion = 12.0.1;
					};
				};
			};
			buildConfigurationList = 8B3D0B0725231B8400E3408C /* Build configuration list for PBXProject "Fighter Pedia" */;
			compatibilityVersion = "Xcode 9.3";
			developmentRegion = en;
			hasScannedForEncodings = 0;
			knownRegions = (
				en,
				Base,
			);
			mainGroup = 8B3D0B0325231B8400E3408C;
			productRefGroup = 8B3D0B0D25231B8400E3408C /* Products */;
			projectDirPath = "";
			projectRoot = "";
			targets = (
				8B3D0B0B25231B8400E3408C /* Fighter Pedia */,
			);
		};
/* End PBXProject section */

/* Begin PBXResourcesBuildPhase section */
		8B3D0B0A25231B8400E3408C /* Resources */ = {
			isa = PBXResourcesBuildPhase;
			buildActionMask = 2147483647;
			files = (
				8B879C7C253756D6007EE385 /* SingleSmallPicCollectionViewCell.xib in Resources */,
				8B3D0B29252463F700E3408C /* ErasTableViewCell.xib in Resources */,
				8BA405952527628900405482 /* GeneralInfoCollectionViewCell.xib in Resources */,
				8B3D0B1C25231B8500E3408C /* LaunchScreen.storyboard in Resources */,
				8B879C6925370615007EE385 /* SingleCellTableViewCell.xib in Resources */,
				8B3D0B1925231B8500E3408C /* Assets.xcassets in Resources */,
				8B3D0B452524C5C300E3408C /* FighterCollectionViewCell.xib in Resources */,
				8BC0C46C252B5D2D0075F7E1 /* ImageSliderCollectionViewCell.xib in Resources */,
				8B3D0B1725231B8400E3408C /* Main.storyboard in Resources */,
				8B879C6E25370BDF007EE385 /* DoubleCellTableViewCell.xib in Resources */,
				8BA4059A252762C600405482 /* CharacteristicsCollectionViewCell.xib in Resources */,
			);
			runOnlyForDeploymentPostprocessing = 0;
		};
/* End PBXResourcesBuildPhase section */

/* Begin PBXShellScriptBuildPhase section */
		11593F8EA078A8B444383692 /* [CP] Embed Pods Frameworks */ = {
			isa = PBXShellScriptBuildPhase;
			buildActionMask = 2147483647;
			files = (
			);
			inputFileListPaths = (
				"${PODS_ROOT}/Target Support Files/Pods-Fighter Pedia/Pods-Fighter Pedia-frameworks-${CONFIGURATION}-input-files.xcfilelist",
			);
			name = "[CP] Embed Pods Frameworks";
			outputFileListPaths = (
				"${PODS_ROOT}/Target Support Files/Pods-Fighter Pedia/Pods-Fighter Pedia-frameworks-${CONFIGURATION}-output-files.xcfilelist",
			);
			runOnlyForDeploymentPostprocessing = 0;
			shellPath = /bin/sh;
			shellScript = "\"${PODS_ROOT}/Target Support Files/Pods-Fighter Pedia/Pods-Fighter Pedia-frameworks.sh\"\n";
			showEnvVarsInLog = 0;
		};
		B032C9118B292355674EBCCD /* [CP] Check Pods Manifest.lock */ = {
			isa = PBXShellScriptBuildPhase;
			buildActionMask = 2147483647;
			files = (
			);
			inputFileListPaths = (
			);
			inputPaths = (
				"${PODS_PODFILE_DIR_PATH}/Podfile.lock",
				"${PODS_ROOT}/Manifest.lock",
			);
			name = "[CP] Check Pods Manifest.lock";
			outputFileListPaths = (
			);
			outputPaths = (
				"$(DERIVED_FILE_DIR)/Pods-Fighter Pedia-checkManifestLockResult.txt",
			);
			runOnlyForDeploymentPostprocessing = 0;
			shellPath = /bin/sh;
			shellScript = "diff \"${PODS_PODFILE_DIR_PATH}/Podfile.lock\" \"${PODS_ROOT}/Manifest.lock\" > /dev/null\nif [ $? != 0 ] ; then\n    # print error to STDERR\n    echo \"error: The sandbox is not in sync with the Podfile.lock. Run 'pod install' or update your CocoaPods installation.\" >&2\n    exit 1\nfi\n# This output is used by Xcode 'outputs' to avoid re-running this script phase.\necho \"SUCCESS\" > \"${SCRIPT_OUTPUT_FILE_0}\"\n";
			showEnvVarsInLog = 0;
		};
/* End PBXShellScriptBuildPhase section */

/* Begin PBXSourcesBuildPhase section */
		8B3D0B0825231B8400E3408C /* Sources */ = {
			isa = PBXSourcesBuildPhase;
			buildActionMask = 2147483647;
			files = (
				8B6D8E8C2535C6E700F60A8B /* Picture+CoreDataProperties.swift in Sources */,
				8B879C75253735FD007EE385 /* ImageCollectionSelectorVC.swift in Sources */,
				8B3D0B28252463F700E3408C /* ErasTableViewCell.swift in Sources */,
				8B6D8E842535C6E700F60A8B /* InterestingFacts+CoreDataProperties.swift in Sources */,
				8B6D8E962535C6E700F60A8B /* CombatHistory+CoreDataProperties.swift in Sources */,
				8BC0C48A252F2EE20075F7E1 /* SingleWallpaperViewController.swift in Sources */,
				8B3D0B1425231B8400E3408C /* ViewController.swift in Sources */,
				8B3D0B312524BC9400E3408C /* FighterCollectionViewController.swift in Sources */,
				8B3D0B2D2524689800E3408C /* ErasViewController.swift in Sources */,
				8B6D8E8A2535C6E700F60A8B /* FlightOperator+CoreDataProperties.swift in Sources */,
				8B879C6D25370BDF007EE385 /* DoubleCellTableViewCell.swift in Sources */,
				8B3D0B1025231B8400E3408C /* AppDelegate.swift in Sources */,
				8B6D8E942535C6E700F60A8B /* GeneralInfo+CoreDataProperties.swift in Sources */,
				8BC0C475252DAF620075F7E1 /* FighterPediaDataModel.xcdatamodeld in Sources */,
				8BC0C45D252AF4B30075F7E1 /* Fighter.swift in Sources */,
				8B6D8E952535C6E700F60A8B /* CombatHistory+CoreDataClass.swift in Sources */,
				8B6D8E912535C6E700F60A8B /* GeneralCharacteristics+CoreDataClass.swift in Sources */,
				8B6D8E812535C6E700F60A8B /* Performance+CoreDataClass.swift in Sources */,
				8BC0C481252F159F0075F7E1 /* WallpaperCollectionViewCell.swift in Sources */,
				8B6D8E832535C6E700F60A8B /* InterestingFacts+CoreDataClass.swift in Sources */,
				8B3D0B4A2525B71C00E3408C /* FighterDetailViewController.swift in Sources */,
				8B6D8E922535C6E700F60A8B /* GeneralCharacteristics+CoreDataProperties.swift in Sources */,
				8B6D8E8D2535C6E700F60A8B /* Fighter+CoreDataClass.swift in Sources */,
				8B6D8E8B2535C6E700F60A8B /* Picture+CoreDataClass.swift in Sources */,
				8BC0C460252B06BE0075F7E1 /* FighterRepository.swift in Sources */,
				8BA40599252762C600405482 /* CharacteristicsCollectionViewCell.swift in Sources */,
				8B879C8B2539B379007EE385 /* SingleSmallPicCollectionView.swift in Sources */,
				8BC0C46B252B5D2D0075F7E1 /* ImageSliderCollectionViewCell.swift in Sources */,
				8B879C7B253756D6007EE385 /* SingleSmallPicCollectionViewCell.swift in Sources */,
				8B6D8E872535C6E700F60A8B /* Armament+CoreDataClass.swift in Sources */,
				8B3D0B442524C5C300E3408C /* FighterCollectionViewCell.swift in Sources */,
				8B6D8E902535C6E700F60A8B /* PrimaryUser+CoreDataProperties.swift in Sources */,
				8B6D8E882535C6E700F60A8B /* Armament+CoreDataProperties.swift in Sources */,
				8BC0C484252F25DF0075F7E1 /* WallpaperRepository.swift in Sources */,
				8B879C852539ADE6007EE385 /* SingleCellTableView.swift in Sources */,
				8B6D8E822535C6E700F60A8B /* Performance+CoreDataProperties.swift in Sources */,
				8B3D0B1225231B8400E3408C /* SceneDelegate.swift in Sources */,
				8BA405942527628900405482 /* GeneralInfoCollectionViewCell.swift in Sources */,
				8B6D8E892535C6E700F60A8B /* FlightOperator+CoreDataClass.swift in Sources */,
				8B936BE32534AE5800B7185C /* AddFighterViewController.swift in Sources */,
				8B879C812539ADD2007EE385 /* DoubleCellTableView.swift in Sources */,
				8BF7808425309993000236EB /* Utility.swift in Sources */,
				8B6D8E8E2535C6E700F60A8B /* Fighter+CoreDataProperties.swift in Sources */,
				8B879C882539B327007EE385 /* UITableViewExtended.swift in Sources */,
				8B6D8E932535C6E700F60A8B /* GeneralInfo+CoreDataClass.swift in Sources */,
				8B6D8E8F2535C6E700F60A8B /* PrimaryUser+CoreDataClass.swift in Sources */,
				8B6D8E852535C6E700F60A8B /* UserPreferences+CoreDataClass.swift in Sources */,
				8B879C8F2539B3EA007EE385 /* UICollectionViewExtended.swift in Sources */,
				8BC0C463252B2BF40075F7E1 /* EarsRangeModel.swift in Sources */,
				8B6D8E862535C6E700F60A8B /* UserPreferences+CoreDataProperties.swift in Sources */,
				8BC0C47A252F14B30075F7E1 /* WallpaperViewController.swift in Sources */,
				8B879C6825370615007EE385 /* SingleCellTableViewCell.swift in Sources */,
				8BC0C487252F26CF0075F7E1 /* ImageDataContainer.swift in Sources */,
				8BA405A32527791C00405482 /* InformationViewController.swift in Sources */,
			);
			runOnlyForDeploymentPostprocessing = 0;
		};
/* End PBXSourcesBuildPhase section */

/* Begin PBXVariantGroup section */
		8B3D0B1525231B8400E3408C /* Main.storyboard */ = {
			isa = PBXVariantGroup;
			children = (
				8B3D0B1625231B8400E3408C /* Base */,
			);
			name = Main.storyboard;
			sourceTree = "<group>";
		};
		8B3D0B1A25231B8500E3408C /* LaunchScreen.storyboard */ = {
			isa = PBXVariantGroup;
			children = (
				8B3D0B1B25231B8500E3408C /* Base */,
			);
			name = LaunchScreen.storyboard;
			sourceTree = "<group>";
		};
/* End PBXVariantGroup section */

/* Begin XCBuildConfiguration section */
		8B3D0B1E25231B8500E3408C /* Debug */ = {
			isa = XCBuildConfiguration;
			buildSettings = {
				ALWAYS_SEARCH_USER_PATHS = NO;
				CLANG_ANALYZER_NONNULL = YES;
				CLANG_ANALYZER_NUMBER_OBJECT_CONVERSION = YES_AGGRESSIVE;
				CLANG_CXX_LANGUAGE_STANDARD = "gnu++14";
				CLANG_CXX_LIBRARY = "libc++";
				CLANG_ENABLE_MODULES = YES;
				CLANG_ENABLE_OBJC_ARC = YES;
				CLANG_ENABLE_OBJC_WEAK = YES;
				CLANG_WARN_BLOCK_CAPTURE_AUTORELEASING = YES;
				CLANG_WARN_BOOL_CONVERSION = YES;
				CLANG_WARN_COMMA = YES;
				CLANG_WARN_CONSTANT_CONVERSION = YES;
				CLANG_WARN_DEPRECATED_OBJC_IMPLEMENTATIONS = YES;
				CLANG_WARN_DIRECT_OBJC_ISA_USAGE = YES_ERROR;
				CLANG_WARN_DOCUMENTATION_COMMENTS = YES;
				CLANG_WARN_EMPTY_BODY = YES;
				CLANG_WARN_ENUM_CONVERSION = YES;
				CLANG_WARN_INFINITE_RECURSION = YES;
				CLANG_WARN_INT_CONVERSION = YES;
				CLANG_WARN_NON_LITERAL_NULL_CONVERSION = YES;
				CLANG_WARN_OBJC_IMPLICIT_RETAIN_SELF = YES;
				CLANG_WARN_OBJC_LITERAL_CONVERSION = YES;
				CLANG_WARN_OBJC_ROOT_CLASS = YES_ERROR;
				CLANG_WARN_QUOTED_INCLUDE_IN_FRAMEWORK_HEADER = YES;
				CLANG_WARN_RANGE_LOOP_ANALYSIS = YES;
				CLANG_WARN_STRICT_PROTOTYPES = YES;
				CLANG_WARN_SUSPICIOUS_MOVE = YES;
				CLANG_WARN_UNGUARDED_AVAILABILITY = YES_AGGRESSIVE;
				CLANG_WARN_UNREACHABLE_CODE = YES;
				CLANG_WARN__DUPLICATE_METHOD_MATCH = YES;
				COPY_PHASE_STRIP = NO;
				DEBUG_INFORMATION_FORMAT = dwarf;
				ENABLE_STRICT_OBJC_MSGSEND = YES;
				ENABLE_TESTABILITY = YES;
				GCC_C_LANGUAGE_STANDARD = gnu11;
				GCC_DYNAMIC_NO_PIC = NO;
				GCC_NO_COMMON_BLOCKS = YES;
				GCC_OPTIMIZATION_LEVEL = 0;
				GCC_PREPROCESSOR_DEFINITIONS = (
					"DEBUG=1",
					"$(inherited)",
				);
				GCC_WARN_64_TO_32_BIT_CONVERSION = YES;
				GCC_WARN_ABOUT_RETURN_TYPE = YES_ERROR;
				GCC_WARN_UNDECLARED_SELECTOR = YES;
				GCC_WARN_UNINITIALIZED_AUTOS = YES_AGGRESSIVE;
				GCC_WARN_UNUSED_FUNCTION = YES;
				GCC_WARN_UNUSED_VARIABLE = YES;
				IPHONEOS_DEPLOYMENT_TARGET = 14.0;
				MTL_ENABLE_DEBUG_INFO = INCLUDE_SOURCE;
				MTL_FAST_MATH = YES;
				ONLY_ACTIVE_ARCH = YES;
				SDKROOT = iphoneos;
				SWIFT_ACTIVE_COMPILATION_CONDITIONS = DEBUG;
				SWIFT_OPTIMIZATION_LEVEL = "-Onone";
			};
			name = Debug;
		};
		8B3D0B1F25231B8500E3408C /* Release */ = {
			isa = XCBuildConfiguration;
			buildSettings = {
				ALWAYS_SEARCH_USER_PATHS = NO;
				CLANG_ANALYZER_NONNULL = YES;
				CLANG_ANALYZER_NUMBER_OBJECT_CONVERSION = YES_AGGRESSIVE;
				CLANG_CXX_LANGUAGE_STANDARD = "gnu++14";
				CLANG_CXX_LIBRARY = "libc++";
				CLANG_ENABLE_MODULES = YES;
				CLANG_ENABLE_OBJC_ARC = YES;
				CLANG_ENABLE_OBJC_WEAK = YES;
				CLANG_WARN_BLOCK_CAPTURE_AUTORELEASING = YES;
				CLANG_WARN_BOOL_CONVERSION = YES;
				CLANG_WARN_COMMA = YES;
				CLANG_WARN_CONSTANT_CONVERSION = YES;
				CLANG_WARN_DEPRECATED_OBJC_IMPLEMENTATIONS = YES;
				CLANG_WARN_DIRECT_OBJC_ISA_USAGE = YES_ERROR;
				CLANG_WARN_DOCUMENTATION_COMMENTS = YES;
				CLANG_WARN_EMPTY_BODY = YES;
				CLANG_WARN_ENUM_CONVERSION = YES;
				CLANG_WARN_INFINITE_RECURSION = YES;
				CLANG_WARN_INT_CONVERSION = YES;
				CLANG_WARN_NON_LITERAL_NULL_CONVERSION = YES;
				CLANG_WARN_OBJC_IMPLICIT_RETAIN_SELF = YES;
				CLANG_WARN_OBJC_LITERAL_CONVERSION = YES;
				CLANG_WARN_OBJC_ROOT_CLASS = YES_ERROR;
				CLANG_WARN_QUOTED_INCLUDE_IN_FRAMEWORK_HEADER = YES;
				CLANG_WARN_RANGE_LOOP_ANALYSIS = YES;
				CLANG_WARN_STRICT_PROTOTYPES = YES;
				CLANG_WARN_SUSPICIOUS_MOVE = YES;
				CLANG_WARN_UNGUARDED_AVAILABILITY = YES_AGGRESSIVE;
				CLANG_WARN_UNREACHABLE_CODE = YES;
				CLANG_WARN__DUPLICATE_METHOD_MATCH = YES;
				COPY_PHASE_STRIP = NO;
				DEBUG_INFORMATION_FORMAT = "dwarf-with-dsym";
				ENABLE_NS_ASSERTIONS = NO;
				ENABLE_STRICT_OBJC_MSGSEND = YES;
				GCC_C_LANGUAGE_STANDARD = gnu11;
				GCC_NO_COMMON_BLOCKS = YES;
				GCC_WARN_64_TO_32_BIT_CONVERSION = YES;
				GCC_WARN_ABOUT_RETURN_TYPE = YES_ERROR;
				GCC_WARN_UNDECLARED_SELECTOR = YES;
				GCC_WARN_UNINITIALIZED_AUTOS = YES_AGGRESSIVE;
				GCC_WARN_UNUSED_FUNCTION = YES;
				GCC_WARN_UNUSED_VARIABLE = YES;
				IPHONEOS_DEPLOYMENT_TARGET = 14.0;
				MTL_ENABLE_DEBUG_INFO = NO;
				MTL_FAST_MATH = YES;
				SDKROOT = iphoneos;
				SWIFT_COMPILATION_MODE = wholemodule;
				SWIFT_OPTIMIZATION_LEVEL = "-O";
				VALIDATE_PRODUCT = YES;
			};
			name = Release;
		};
		8B3D0B2125231B8500E3408C /* Debug */ = {
			isa = XCBuildConfiguration;
			baseConfigurationReference = 346809EC3C7569DA23276021 /* Pods-Fighter Pedia.debug.xcconfig */;
			buildSettings = {
				ASSETCATALOG_COMPILER_APPICON_NAME = AppIcon;
				ASSETCATALOG_COMPILER_GLOBAL_ACCENT_COLOR_NAME = AccentColor;
				CODE_SIGN_STYLE = Automatic;
				DEVELOPMENT_TEAM = 7LXKUHJHQV;
				INFOPLIST_FILE = "Fighter Pedia/Info.plist";
				IPHONEOS_DEPLOYMENT_TARGET = 13.0;
				LD_RUNPATH_SEARCH_PATHS = (
					"$(inherited)",
					"@executable_path/Frameworks",
				);
				PRODUCT_BUNDLE_IDENTIFIER = "com.ahsan.Fighter-Pedia";
				PRODUCT_NAME = "$(TARGET_NAME)";
				SWIFT_VERSION = 5.0;
				TARGETED_DEVICE_FAMILY = "1,2";
			};
			name = Debug;
		};
		8B3D0B2225231B8500E3408C /* Release */ = {
			isa = XCBuildConfiguration;
			baseConfigurationReference = 020209262707B438B7DD7749 /* Pods-Fighter Pedia.release.xcconfig */;
			buildSettings = {
				ASSETCATALOG_COMPILER_APPICON_NAME = AppIcon;
				ASSETCATALOG_COMPILER_GLOBAL_ACCENT_COLOR_NAME = AccentColor;
				CODE_SIGN_STYLE = Automatic;
				DEVELOPMENT_TEAM = 7LXKUHJHQV;
				INFOPLIST_FILE = "Fighter Pedia/Info.plist";
				IPHONEOS_DEPLOYMENT_TARGET = 13.0;
				LD_RUNPATH_SEARCH_PATHS = (
					"$(inherited)",
					"@executable_path/Frameworks",
				);
				PRODUCT_BUNDLE_IDENTIFIER = "com.ahsan.Fighter-Pedia";
				PRODUCT_NAME = "$(TARGET_NAME)";
				SWIFT_VERSION = 5.0;
				TARGETED_DEVICE_FAMILY = "1,2";
			};
			name = Release;
		};
/* End XCBuildConfiguration section */

/* Begin XCConfigurationList section */
		8B3D0B0725231B8400E3408C /* Build configuration list for PBXProject "Fighter Pedia" */ = {
			isa = XCConfigurationList;
			buildConfigurations = (
				8B3D0B1E25231B8500E3408C /* Debug */,
				8B3D0B1F25231B8500E3408C /* Release */,
			);
			defaultConfigurationIsVisible = 0;
			defaultConfigurationName = Release;
		};
		8B3D0B2025231B8500E3408C /* Build configuration list for PBXNativeTarget "Fighter Pedia" */ = {
			isa = XCConfigurationList;
			buildConfigurations = (
				8B3D0B2125231B8500E3408C /* Debug */,
				8B3D0B2225231B8500E3408C /* Release */,
			);
			defaultConfigurationIsVisible = 0;
			defaultConfigurationName = Release;
		};
/* End XCConfigurationList section */

/* Begin XCVersionGroup section */
		8BC0C473252DAF620075F7E1 /* FighterPediaDataModel.xcdatamodeld */ = {
			isa = XCVersionGroup;
			children = (
				8B6D8E692535C69E00F60A8B /* FighterPediaDataModel 2.xcdatamodel */,
				8BC0C474252DAF620075F7E1 /* FighterPediaDataModel.xcdatamodel */,
			);
			currentVersion = 8BC0C474252DAF620075F7E1 /* FighterPediaDataModel.xcdatamodel */;
			path = FighterPediaDataModel.xcdatamodeld;
			sourceTree = "<group>";
			versionGroupType = wrapper.xcdatamodel;
		};
/* End XCVersionGroup section */
	};
	rootObject = 8B3D0B0425231B8400E3408C /* Project object */;
}
